// !$*UTF8*$!
{
	archiveVersion = 1;
	classes = {
	};
	objectVersion = 50;
	objects = {

/* Begin PBXBuildFile section */
		11653837E569E34006B23A53 /* Pods_CNext.framework in Frameworks */ = {isa = PBXBuildFile; fileRef = DFBACB7D07A24AAD54F0ECFA /* Pods_CNext.framework */; };
		CD055D1721E2556800D79BA8 /* LaunchScreen.storyboard in Resources */ = {isa = PBXBuildFile; fileRef = CD055D1621E2556800D79BA8 /* LaunchScreen.storyboard */; };
		CD0A30B921E26625000E2CD7 /* Main.storyboard in Resources */ = {isa = PBXBuildFile; fileRef = CD0A30B821E26625000E2CD7 /* Main.storyboard */; };
		CD86889E21E22C1B00669BD8 /* AppDelegate.swift in Sources */ = {isa = PBXBuildFile; fileRef = CD86889D21E22C1B00669BD8 /* AppDelegate.swift */; };
		CD8688A021E22C1B00669BD8 /* MovieListViewController.swift in Sources */ = {isa = PBXBuildFile; fileRef = CD86889F21E22C1B00669BD8 /* MovieListViewController.swift */; };
		CD8688A521E22C1C00669BD8 /* Assets.xcassets in Resources */ = {isa = PBXBuildFile; fileRef = CD8688A421E22C1C00669BD8 /* Assets.xcassets */; };
		CD8688B121E22C3D00669BD8 /* MovieList.swift in Sources */ = {isa = PBXBuildFile; fileRef = CD8688AF21E22C3D00669BD8 /* MovieList.swift */; };
		CD8688B421E22C9B00669BD8 /* RestAPI.swift in Sources */ = {isa = PBXBuildFile; fileRef = CD8688B321E22C9B00669BD8 /* RestAPI.swift */; };
		CD8688B621E22CF400669BD8 /* Extensions.swift in Sources */ = {isa = PBXBuildFile; fileRef = CD8688B521E22CF400669BD8 /* Extensions.swift */; };
		CD8688BA21E236A300669BD8 /* MovieDetailsViewController.swift in Sources */ = {isa = PBXBuildFile; fileRef = CD8688B921E236A300669BD8 /* MovieDetailsViewController.swift */; };
		CD8688BD21E237EC00669BD8 /* MovieCell.xib in Resources */ = {isa = PBXBuildFile; fileRef = CD8688BB21E237EB00669BD8 /* MovieCell.xib */; };
		CD8688BE21E237EC00669BD8 /* MovieCell.swift in Sources */ = {isa = PBXBuildFile; fileRef = CD8688BC21E237EB00669BD8 /* MovieCell.swift */; };
/* End PBXBuildFile section */

/* Begin PBXFileReference section */
		88201FC9473CB40EDF234F49 /* Pods-CNext.debug.xcconfig */ = {isa = PBXFileReference; includeInIndex = 1; lastKnownFileType = text.xcconfig; name = "Pods-CNext.debug.xcconfig"; path = "Pods/Target Support Files/Pods-CNext/Pods-CNext.debug.xcconfig"; sourceTree = "<group>"; };
		CD055D1621E2556800D79BA8 /* LaunchScreen.storyboard */ = {isa = PBXFileReference; fileEncoding = 4; lastKnownFileType = file.storyboard; path = LaunchScreen.storyboard; sourceTree = "<group>"; };
		CD0A30B821E26625000E2CD7 /* Main.storyboard */ = {isa = PBXFileReference; fileEncoding = 4; lastKnownFileType = file.storyboard; path = Main.storyboard; sourceTree = "<group>"; };
		CD86889A21E22C1B00669BD8 /* CNext.app */ = {isa = PBXFileReference; explicitFileType = wrapper.application; includeInIndex = 0; path = CNext.app; sourceTree = BUILT_PRODUCTS_DIR; };
		CD86889D21E22C1B00669BD8 /* AppDelegate.swift */ = {isa = PBXFileReference; lastKnownFileType = sourcecode.swift; path = AppDelegate.swift; sourceTree = "<group>"; };
		CD86889F21E22C1B00669BD8 /* MovieListViewController.swift */ = {isa = PBXFileReference; lastKnownFileType = sourcecode.swift; path = MovieListViewController.swift; sourceTree = "<group>"; };
		CD8688A421E22C1C00669BD8 /* Assets.xcassets */ = {isa = PBXFileReference; lastKnownFileType = folder.assetcatalog; path = Assets.xcassets; sourceTree = "<group>"; };
		CD8688A921E22C1C00669BD8 /* Info.plist */ = {isa = PBXFileReference; lastKnownFileType = text.plist.xml; path = Info.plist; sourceTree = "<group>"; };
		CD8688AF21E22C3D00669BD8 /* MovieList.swift */ = {isa = PBXFileReference; fileEncoding = 4; lastKnownFileType = sourcecode.swift; path = MovieList.swift; sourceTree = "<group>"; };
		CD8688B321E22C9B00669BD8 /* RestAPI.swift */ = {isa = PBXFileReference; fileEncoding = 4; lastKnownFileType = sourcecode.swift; path = RestAPI.swift; sourceTree = "<group>"; };
		CD8688B521E22CF400669BD8 /* Extensions.swift */ = {isa = PBXFileReference; fileEncoding = 4; lastKnownFileType = sourcecode.swift; path = Extensions.swift; sourceTree = "<group>"; };
		CD8688B921E236A300669BD8 /* MovieDetailsViewController.swift */ = {isa = PBXFileReference; lastKnownFileType = sourcecode.swift; path = MovieDetailsViewController.swift; sourceTree = "<group>"; };
		CD8688BB21E237EB00669BD8 /* MovieCell.xib */ = {isa = PBXFileReference; fileEncoding = 4; lastKnownFileType = file.xib; path = MovieCell.xib; sourceTree = "<group>"; };
		CD8688BC21E237EB00669BD8 /* MovieCell.swift */ = {isa = PBXFileReference; fileEncoding = 4; lastKnownFileType = sourcecode.swift; path = MovieCell.swift; sourceTree = "<group>"; };
		DFBACB7D07A24AAD54F0ECFA /* Pods_CNext.framework */ = {isa = PBXFileReference; explicitFileType = wrapper.framework; includeInIndex = 0; path = Pods_CNext.framework; sourceTree = BUILT_PRODUCTS_DIR; };
		FE1AF392459BA77942589FD8 /* Pods-CNext.release.xcconfig */ = {isa = PBXFileReference; includeInIndex = 1; lastKnownFileType = text.xcconfig; name = "Pods-CNext.release.xcconfig"; path = "Pods/Target Support Files/Pods-CNext/Pods-CNext.release.xcconfig"; sourceTree = "<group>"; };
/* End PBXFileReference section */

/* Begin PBXFrameworksBuildPhase section */
		CD86889721E22C1B00669BD8 /* Frameworks */ = {
			isa = PBXFrameworksBuildPhase;
			buildActionMask = 2147483647;
			files = (
				11653837E569E34006B23A53 /* Pods_CNext.framework in Frameworks */,
			);
			runOnlyForDeploymentPostprocessing = 0;
		};
/* End PBXFrameworksBuildPhase section */

/* Begin PBXGroup section */
		33408B9A8AC873A2A5B4C1BF /* Frameworks */ = {
			isa = PBXGroup;
			children = (
				DFBACB7D07A24AAD54F0ECFA /* Pods_CNext.framework */,
			);
			name = Frameworks;
			sourceTree = "<group>";
		};
		A83153C2DAC8C19A688F3379 /* Pods */ = {
			isa = PBXGroup;
			children = (
				88201FC9473CB40EDF234F49 /* Pods-CNext.debug.xcconfig */,
				FE1AF392459BA77942589FD8 /* Pods-CNext.release.xcconfig */,
			);
			name = Pods;
			sourceTree = "<group>";
		};
		CD86889121E22C1B00669BD8 = {
			isa = PBXGroup;
			children = (
				CD86889C21E22C1B00669BD8 /* CNext */,
				CD86889B21E22C1B00669BD8 /* Products */,
				A83153C2DAC8C19A688F3379 /* Pods */,
				33408B9A8AC873A2A5B4C1BF /* Frameworks */,
			);
			sourceTree = "<group>";
		};
		CD86889B21E22C1B00669BD8 /* Products */ = {
			isa = PBXGroup;
			children = (
				CD86889A21E22C1B00669BD8 /* CNext.app */,
			);
			name = Products;
			sourceTree = "<group>";
		};
		CD86889C21E22C1B00669BD8 /* CNext */ = {
			isa = PBXGroup;
			children = (
				CD8688BF21E24E4800669BD8 /* Shared */,
				CD8688B821E2364E00669BD8 /* Movie Details */,
				CD8688B721E2364100669BD8 /* Movie List */,
				CD86889D21E22C1B00669BD8 /* AppDelegate.swift */,
				CD0A30B821E26625000E2CD7 /* Main.storyboard */,
				CD055D1621E2556800D79BA8 /* LaunchScreen.storyboard */,
				CD8688A421E22C1C00669BD8 /* Assets.xcassets */,
				CD8688A921E22C1C00669BD8 /* Info.plist */,
			);
			path = CNext;
			sourceTree = "<group>";
		};
		CD8688B721E2364100669BD8 /* Movie List */ = {
			isa = PBXGroup;
			children = (
				CD8688AF21E22C3D00669BD8 /* MovieList.swift */,
				CD8688BC21E237EB00669BD8 /* MovieCell.swift */,
				CD8688BB21E237EB00669BD8 /* MovieCell.xib */,
				CD86889F21E22C1B00669BD8 /* MovieListViewController.swift */,
			);
			path = "Movie List";
			sourceTree = "<group>";
		};
		CD8688B821E2364E00669BD8 /* Movie Details */ = {
			isa = PBXGroup;
			children = (
				CD8688B921E236A300669BD8 /* MovieDetailsViewController.swift */,
			);
			path = "Movie Details";
			sourceTree = "<group>";
		};
		CD8688BF21E24E4800669BD8 /* Shared */ = {
			isa = PBXGroup;
			children = (
				CD8688B321E22C9B00669BD8 /* RestAPI.swift */,
				CD8688B521E22CF400669BD8 /* Extensions.swift */,
			);
			path = Shared;
			sourceTree = "<group>";
		};
/* End PBXGroup section */

/* Begin PBXNativeTarget section */
		CD86889921E22C1B00669BD8 /* CNext */ = {
			isa = PBXNativeTarget;
			buildConfigurationList = CD8688AC21E22C1C00669BD8 /* Build configuration list for PBXNativeTarget "CNext" */;
			buildPhases = (
				909126907ED211BBE774E914 /* [CP] Check Pods Manifest.lock */,
				CD86889621E22C1B00669BD8 /* Sources */,
				CD86889721E22C1B00669BD8 /* Frameworks */,
				CD86889821E22C1B00669BD8 /* Resources */,
				DA4E759E3B6264EC334F6F74 /* [CP] Embed Pods Frameworks */,
			);
			buildRules = (
			);
			dependencies = (
			);
			name = CNext;
			productName = CNext;
			productReference = CD86889A21E22C1B00669BD8 /* CNext.app */;
			productType = "com.apple.product-type.application";
		};
/* End PBXNativeTarget section */

/* Begin PBXProject section */
		CD86889221E22C1B00669BD8 /* Project object */ = {
			isa = PBXProject;
			attributes = {
				LastSwiftUpdateCheck = 1010;
				LastUpgradeCheck = 1010;
				ORGANIZATIONNAME = "Pedro Bandeira";
				TargetAttributes = {
					CD86889921E22C1B00669BD8 = {
						CreatedOnToolsVersion = 10.1;
					};
				};
			};
			buildConfigurationList = CD86889521E22C1B00669BD8 /* Build configuration list for PBXProject "CNext" */;
			compatibilityVersion = "Xcode 9.3";
			developmentRegion = en;
			hasScannedForEncodings = 0;
			knownRegions = (
				en,
				Base,
			);
			mainGroup = CD86889121E22C1B00669BD8;
			productRefGroup = CD86889B21E22C1B00669BD8 /* Products */;
			projectDirPath = "";
			projectRoot = "";
			targets = (
				CD86889921E22C1B00669BD8 /* CNext */,
			);
		};
/* End PBXProject section */

/* Begin PBXResourcesBuildPhase section */
		CD86889821E22C1B00669BD8 /* Resources */ = {
			isa = PBXResourcesBuildPhase;
			buildActionMask = 2147483647;
			files = (
				CD8688A521E22C1C00669BD8 /* Assets.xcassets in Resources */,
				CD0A30B921E26625000E2CD7 /* Main.storyboard in Resources */,
				CD055D1721E2556800D79BA8 /* LaunchScreen.storyboard in Resources */,
				CD8688BD21E237EC00669BD8 /* MovieCell.xib in Resources */,
			);
			runOnlyForDeploymentPostprocessing = 0;
		};
/* End PBXResourcesBuildPhase section */

/* Begin PBXShellScriptBuildPhase section */
		909126907ED211BBE774E914 /* [CP] Check Pods Manifest.lock */ = {
			isa = PBXShellScriptBuildPhase;
			buildActionMask = 2147483647;
			files = (
			);
			inputPaths = (
				"${PODS_PODFILE_DIR_PATH}/Podfile.lock",
				"${PODS_ROOT}/Manifest.lock",
			);
			name = "[CP] Check Pods Manifest.lock";
			outputPaths = (
				"$(DERIVED_FILE_DIR)/Pods-CNext-checkManifestLockResult.txt",
			);
			runOnlyForDeploymentPostprocessing = 0;
			shellPath = /bin/sh;
			shellScript = "diff \"${PODS_PODFILE_DIR_PATH}/Podfile.lock\" \"${PODS_ROOT}/Manifest.lock\" > /dev/null\nif [ $? != 0 ] ; then\n    # print error to STDERR\n    echo \"error: The sandbox is not in sync with the Podfile.lock. Run 'pod install' or update your CocoaPods installation.\" >&2\n    exit 1\nfi\n# This output is used by Xcode 'outputs' to avoid re-running this script phase.\necho \"SUCCESS\" > \"${SCRIPT_OUTPUT_FILE_0}\"\n";
			showEnvVarsInLog = 0;
		};
		DA4E759E3B6264EC334F6F74 /* [CP] Embed Pods Frameworks */ = {
			isa = PBXShellScriptBuildPhase;
			buildActionMask = 2147483647;
			files = (
			);
			inputPaths = (
				"${SRCROOT}/Pods/Target Support Files/Pods-CNext/Pods-CNext-frameworks.sh",
				"${BUILT_PRODUCTS_DIR}/Alamofire/Alamofire.framework",
				"${BUILT_PRODUCTS_DIR}/Nuke/Nuke.framework",
			);
			name = "[CP] Embed Pods Frameworks";
			outputPaths = (
				"${TARGET_BUILD_DIR}/${FRAMEWORKS_FOLDER_PATH}/Alamofire.framework",
				"${TARGET_BUILD_DIR}/${FRAMEWORKS_FOLDER_PATH}/Nuke.framework",
			);
			runOnlyForDeploymentPostprocessing = 0;
			shellPath = /bin/sh;
			shellScript = "\"${SRCROOT}/Pods/Target Support Files/Pods-CNext/Pods-CNext-frameworks.sh\"\n";
			showEnvVarsInLog = 0;
		};
/* End PBXShellScriptBuildPhase section */

/* Begin PBXSourcesBuildPhase section */
		CD86889621E22C1B00669BD8 /* Sources */ = {
			isa = PBXSourcesBuildPhase;
			buildActionMask = 2147483647;
			files = (
				CD8688B121E22C3D00669BD8 /* MovieList.swift in Sources */,
				CD8688B621E22CF400669BD8 /* Extensions.swift in Sources */,
				CD8688B421E22C9B00669BD8 /* RestAPI.swift in Sources */,
				CD8688BA21E236A300669BD8 /* MovieDetailsViewController.swift in Sources */,
				CD8688A021E22C1B00669BD8 /* MovieListViewController.swift in Sources */,
				CD86889E21E22C1B00669BD8 /* AppDelegate.swift in Sources */,
				CD8688BE21E237EC00669BD8 /* MovieCell.swift in Sources */,
			);
			runOnlyForDeploymentPostprocessing = 0;
		};
/* End PBXSourcesBuildPhase section */

/* Begin XCBuildConfiguration section */
		CD8688AA21E22C1C00669BD8 /* Debug */ = {
			isa = XCBuildConfiguration;
			buildSettings = {
				ALWAYS_SEARCH_USER_PATHS = NO;
				CLANG_ANALYZER_NONNULL = YES;
				CLANG_ANALYZER_NUMBER_OBJECT_CONVERSION = YES_AGGRESSIVE;
				CLANG_CXX_LANGUAGE_STANDARD = "gnu++14";
				CLANG_CXX_LIBRARY = "libc++";
				CLANG_ENABLE_MODULES = YES;
				CLANG_ENABLE_OBJC_ARC = YES;
				CLANG_ENABLE_OBJC_WEAK = YES;
				CLANG_WARN_BLOCK_CAPTURE_AUTORELEASING = YES;
				CLANG_WARN_BOOL_CONVERSION = YES;
				CLANG_WARN_COMMA = YES;
				CLANG_WARN_CONSTANT_CONVERSION = YES;
				CLANG_WARN_DEPRECATED_OBJC_IMPLEMENTATIONS = YES;
				CLANG_WARN_DIRECT_OBJC_ISA_USAGE = YES_ERROR;
				CLANG_WARN_DOCUMENTATION_COMMENTS = YES;
				CLANG_WARN_EMPTY_BODY = YES;
				CLANG_WARN_ENUM_CONVERSION = YES;
				CLANG_WARN_INFINITE_RECURSION = YES;
				CLANG_WARN_INT_CONVERSION = YES;
				CLANG_WARN_NON_LITERAL_NULL_CONVERSION = YES;
				CLANG_WARN_OBJC_IMPLICIT_RETAIN_SELF = YES;
				CLANG_WARN_OBJC_LITERAL_CONVERSION = YES;
				CLANG_WARN_OBJC_ROOT_CLASS = YES_ERROR;
				CLANG_WARN_RANGE_LOOP_ANALYSIS = YES;
				CLANG_WARN_STRICT_PROTOTYPES = YES;
				CLANG_WARN_SUSPICIOUS_MOVE = YES;
				CLANG_WARN_UNGUARDED_AVAILABILITY = YES_AGGRESSIVE;
				CLANG_WARN_UNREACHABLE_CODE = YES;
				CLANG_WARN__DUPLICATE_METHOD_MATCH = YES;
				CODE_SIGN_IDENTITY = "iPhone Developer";
				COPY_PHASE_STRIP = NO;
				DEBUG_INFORMATION_FORMAT = dwarf;
				ENABLE_STRICT_OBJC_MSGSEND = YES;
				ENABLE_TESTABILITY = YES;
				GCC_C_LANGUAGE_STANDARD = gnu11;
				GCC_DYNAMIC_NO_PIC = NO;
				GCC_NO_COMMON_BLOCKS = YES;
				GCC_OPTIMIZATION_LEVEL = 0;
				GCC_PREPROCESSOR_DEFINITIONS = (
					"DEBUG=1",
					"$(inherited)",
				);
				GCC_WARN_64_TO_32_BIT_CONVERSION = YES;
				GCC_WARN_ABOUT_RETURN_TYPE = YES_ERROR;
				GCC_WARN_UNDECLARED_SELECTOR = YES;
				GCC_WARN_UNINITIALIZED_AUTOS = YES_AGGRESSIVE;
				GCC_WARN_UNUSED_FUNCTION = YES;
				GCC_WARN_UNUSED_VARIABLE = YES;
				IPHONEOS_DEPLOYMENT_TARGET = 12.1;
				MTL_ENABLE_DEBUG_INFO = INCLUDE_SOURCE;
				MTL_FAST_MATH = YES;
				ONLY_ACTIVE_ARCH = YES;
				SDKROOT = iphoneos;
				SWIFT_ACTIVE_COMPILATION_CONDITIONS = DEBUG;
				SWIFT_OPTIMIZATION_LEVEL = "-Onone";
			};
			name = Debug;
		};
		CD8688AB21E22C1C00669BD8 /* Release */ = {
			isa = XCBuildConfiguration;
			buildSettings = {
				ALWAYS_SEARCH_USER_PATHS = NO;
				CLANG_ANALYZER_NONNULL = YES;
				CLANG_ANALYZER_NUMBER_OBJECT_CONVERSION = YES_AGGRESSIVE;
				CLANG_CXX_LANGUAGE_STANDARD = "gnu++14";
				CLANG_CXX_LIBRARY = "libc++";
				CLANG_ENABLE_MODULES = YES;
				CLANG_ENABLE_OBJC_ARC = YES;
				CLANG_ENABLE_OBJC_WEAK = YES;
				CLANG_WARN_BLOCK_CAPTURE_AUTORELEASING = YES;
				CLANG_WARN_BOOL_CONVERSION = YES;
				CLANG_WARN_COMMA = YES;
				CLANG_WARN_CONSTANT_CONVERSION = YES;
				CLANG_WARN_DEPRECATED_OBJC_IMPLEMENTATIONS = YES;
				CLANG_WARN_DIRECT_OBJC_ISA_USAGE = YES_ERROR;
				CLANG_WARN_DOCUMENTATION_COMMENTS = YES;
				CLANG_WARN_EMPTY_BODY = YES;
				CLANG_WARN_ENUM_CONVERSION = YES;
				CLANG_WARN_INFINITE_RECURSION = YES;
				CLANG_WARN_INT_CONVERSION = YES;
				CLANG_WARN_NON_LITERAL_NULL_CONVERSION = YES;
				CLANG_WARN_OBJC_IMPLICIT_RETAIN_SELF = YES;
				CLANG_WARN_OBJC_LITERAL_CONVERSION = YES;
				CLANG_WARN_OBJC_ROOT_CLASS = YES_ERROR;
				CLANG_WARN_RANGE_LOOP_ANALYSIS = YES;
				CLANG_WARN_STRICT_PROTOTYPES = YES;
				CLANG_WARN_SUSPICIOUS_MOVE = YES;
				CLANG_WARN_UNGUARDED_AVAILABILITY = YES_AGGRESSIVE;
				CLANG_WARN_UNREACHABLE_CODE = YES;
				CLANG_WARN__DUPLICATE_METHOD_MATCH = YES;
				CODE_SIGN_IDENTITY = "iPhone Developer";
				COPY_PHASE_STRIP = NO;
				DEBUG_INFORMATION_FORMAT = "dwarf-with-dsym";
				ENABLE_NS_ASSERTIONS = NO;
				ENABLE_STRICT_OBJC_MSGSEND = YES;
				GCC_C_LANGUAGE_STANDARD = gnu11;
				GCC_NO_COMMON_BLOCKS = YES;
				GCC_WARN_64_TO_32_BIT_CONVERSION = YES;
				GCC_WARN_ABOUT_RETURN_TYPE = YES_ERROR;
				GCC_WARN_UNDECLARED_SELECTOR = YES;
				GCC_WARN_UNINITIALIZED_AUTOS = YES_AGGRESSIVE;
				GCC_WARN_UNUSED_FUNCTION = YES;
				GCC_WARN_UNUSED_VARIABLE = YES;
				IPHONEOS_DEPLOYMENT_TARGET = 12.1;
				MTL_ENABLE_DEBUG_INFO = NO;
				MTL_FAST_MATH = YES;
				SDKROOT = iphoneos;
				SWIFT_COMPILATION_MODE = wholemodule;
				SWIFT_OPTIMIZATION_LEVEL = "-O";
				VALIDATE_PRODUCT = YES;
			};
			name = Release;
		};
		CD8688AD21E22C1C00669BD8 /* Debug */ = {
			isa = XCBuildConfiguration;
			baseConfigurationReference = 88201FC9473CB40EDF234F49 /* Pods-CNext.debug.xcconfig */;
			buildSettings = {
				ASSETCATALOG_COMPILER_APPICON_NAME = AppIcon;
				CODE_SIGN_STYLE = Automatic;
				DEVELOPMENT_TEAM = ZYC2MH8T3R;
				INFOPLIST_FILE = CNext/Info.plist;
				IPHONEOS_DEPLOYMENT_TARGET = 10.3;
				LD_RUNPATH_SEARCH_PATHS = (
					"$(inherited)",
					"@executable_path/Frameworks",
				);
				PRODUCT_BUNDLE_IDENTIFIER = com.pedrobandeira.CNext;
				PRODUCT_NAME = "$(TARGET_NAME)";
				SWIFT_VERSION = 4.2;
				TARGETED_DEVICE_FAMILY = "1,2";
			};
			name = Debug;
		};
		CD8688AE21E22C1C00669BD8 /* Release */ = {
			isa = XCBuildConfiguration;
			baseConfigurationReference = FE1AF392459BA77942589FD8 /* Pods-CNext.release.xcconfig */;
			buildSettings = {
				ASSETCATALOG_COMPILER_APPICON_NAME = AppIcon;
				CODE_SIGN_STYLE = Automatic;
				DEVELOPMENT_TEAM = ZYC2MH8T3R;
				INFOPLIST_FILE = CNext/Info.plist;
				IPHONEOS_DEPLOYMENT_TARGET = 10.3;
				LD_RUNPATH_SEARCH_PATHS = (
					"$(inherited)",
					"@executable_path/Frameworks",
				);
				PRODUCT_BUNDLE_IDENTIFIER = com.pedrobandeira.CNext;
				PRODUCT_NAME = "$(TARGET_NAME)";
				SWIFT_VERSION = 4.2;
				TARGETED_DEVICE_FAMILY = "1,2";
			};
			name = Release;
		};
/* End XCBuildConfiguration section */

/* Begin XCConfigurationList section */
		CD86889521E22C1B00669BD8 /* Build configuration list for PBXProject "CNext" */ = {
			isa = XCConfigurationList;
			buildConfigurations = (
				CD8688AA21E22C1C00669BD8 /* Debug */,
				CD8688AB21E22C1C00669BD8 /* Release */,
			);
			defaultConfigurationIsVisible = 0;
			defaultConfigurationName = Release;
		};
		CD8688AC21E22C1C00669BD8 /* Build configuration list for PBXNativeTarget "CNext" */ = {
			isa = XCConfigurationList;
			buildConfigurations = (
				CD8688AD21E22C1C00669BD8 /* Debug */,
				CD8688AE21E22C1C00669BD8 /* Release */,
			);
			defaultConfigurationIsVisible = 0;
			defaultConfigurationName = Release;
		};
/* End XCConfigurationList section */
	};
	rootObject = CD86889221E22C1B00669BD8 /* Project object */;
}
